
Microsoft Visual Studio Solution File, Format Version 12.00
# Visual Studio Version 17
VisualStudioVersion = 17.12.35728.132 d17.12
MinimumVisualStudioVersion = 10.0.40219.1
Project("{FAE04EC0-301F-11D3-BF4B-00C04F79EFBC}") = "TaskDay1", "TaskDay1\TaskDay1.csproj", "{EDE64C56-B024-4B48-9DA4-5533610BA9DA}"
EndProject
Global
	GlobalSection(SolutionConfigurationPlatforms) = preSolution
		Debug|Any CPU = Debug|Any CPU
		Release|Any CPU = Release|Any CPU
	EndGlobalSection
	GlobalSection(ProjectConfigurationPlatforms) = postSolution
		{EDE64C56-B024-4B48-9DA4-5533610BA9DA}.Debug|Any CPU.ActiveCfg = Debug|Any CPU
		{EDE64C56-B024-4B48-9DA4-5533610BA9DA}.Debug|Any CPU.Build.0 = Debug|Any CPU
		{EDE64C56-B024-4B48-9DA4-5533610BA9DA}.Release|Any CPU.ActiveCfg = Release|Any CPU
		{EDE64C56-B024-4B48-9DA4-5533610BA9DA}.Release|Any CPU.Build.0 = Release|Any CPU
	EndGlobalSection
	GlobalSection(SolutionProperties) = preSolution
		HideSolutionNode = FALSE
	EndGlobalSection
EndGlobal
